{
  "name": "downloader",
  "version": "1.0.0",
  "lockfileVersion": 3,
  "requires": true,
  "packages": {
    "": {
      "name": "downloader",
      "version": "1.0.0",
      "license": "ISC",
      "dependencies": {
        "shaka-player": "^4.11.2",
        "youtubei.js": "github:LuanRT/YouTube.js#refactor/update-protos"
      },
      "devDependencies": {
        "typescript": "^5.6.2"
      }
    },
    "node_modules/@bufbuild/protobuf": {
      "version": "2.0.0",
      "resolved": "https://registry.npmjs.org/@bufbuild/protobuf/-/protobuf-2.0.0.tgz",
      "integrity": "sha512-sw2JhwJyvyL0zlhG61aDzOVryEfJg2PDZFSV7i7IdC7nAE41WuXCru3QWLGiP87At0BMzKOoKO/FqEGoKygGZQ=="
    },
    "node_modules/@fastify/busboy": {
      "version": "2.1.1",
      "resolved": "https://registry.npmjs.org/@fastify/busboy/-/busboy-2.1.1.tgz",
      "integrity": "sha512-vBZP4NlzfOlerQTnba4aqZoMhE/a9HY7HRqoOPaETQcSQuWEIyZMHGfVu6w9wGtGK5fED5qRs2DteVCjOH60sA==",
      "engines": {
        "node": ">=14"
      }
    },
    "node_modules/acorn": {
      "version": "8.12.1",
      "resolved": "https://registry.npmjs.org/acorn/-/acorn-8.12.1.tgz",
      "integrity": "sha512-tcpGyI9zbizT9JbV6oYE477V6mTlXvvi0T0G3SNIYE2apm/G5huBa1+K89VGeovbg+jycCrfhl3ADxErOuO6Jg==",
      "bin": {
        "acorn": "bin/acorn"
      },
      "engines": {
        "node": ">=0.4.0"
      }
    },
    "node_modules/eme-encryption-scheme-polyfill": {
      "version": "2.1.5",
      "resolved": "https://registry.npmjs.org/eme-encryption-scheme-polyfill/-/eme-encryption-scheme-polyfill-2.1.5.tgz",
      "integrity": "sha512-z9BKXV4TCYjmar0wiZLObZ0J8HE13VIg7Zq/iyPWdbEfROtxVXEJalknWKtBR5XNezzy15/zWS964TGbcAWlPg=="
    },
    "node_modules/jintr": {
      "version": "2.1.1",
      "resolved": "https://registry.npmjs.org/jintr/-/jintr-2.1.1.tgz",
      "integrity": "sha512-89cwX4ouogeDGOBsEVsVYsnWWvWjchmwXBB4kiBhmjOKw19FiOKhNhMhpxhTlK2ctl7DS+d/ethfmuBpzoNNgA==",
      "funding": [
        "https://github.com/sponsors/LuanRT"
      ],
      "dependencies": {
        "acorn": "^8.8.0"
      }
    },
    "node_modules/shaka-player": {
      "version": "4.11.2",
      "resolved": "https://registry.npmjs.org/shaka-player/-/shaka-player-4.11.2.tgz",
      "integrity": "sha512-KhmEVHlxPn0XPY8uYd/83OVWCJoMZ6kgvZezPOu/HzTQJIh2DGarYMfWM1d9Mlz8WETP+c81W4GjawLR3strzQ==",
      "dependencies": {
        "eme-encryption-scheme-polyfill": "^2.1.5"
      },
      "engines": {
        "node": ">=14"
      }
    },
    "node_modules/tslib": {
      "version": "2.7.0",
      "resolved": "https://registry.npmjs.org/tslib/-/tslib-2.7.0.tgz",
      "integrity": "sha512-gLXCKdN1/j47AiHiOkJN69hJmcbGTHI0ImLmbYLHykhgeN0jVGola9yVjFgzCUklsZQMW55o+dW7IXv3RCXDzA=="
    },
    "node_modules/typescript": {
      "version": "5.6.2",
      "resolved": "https://registry.npmjs.org/typescript/-/typescript-5.6.2.tgz",
      "integrity": "sha512-NW8ByodCSNCwZeghjN3o+JX5OFH0Ojg6sadjEKY4huZ52TqbJTJnDo5+Tw98lSy63NZvi4n+ez5m2u5d4PkZyw==",
      "dev": true,
      "bin": {
        "tsc": "bin/tsc",
        "tsserver": "bin/tsserver"
      },
      "engines": {
        "node": ">=14.17"
      }
    },
    "node_modules/undici": {
      "version": "5.28.4",
      "resolved": "https://registry.npmjs.org/undici/-/undici-5.28.4.tgz",
      "integrity": "sha512-72RFADWFqKmUb2hmmvNODKL3p9hcB6Gt2DOQMis1SEBaV6a4MH8soBvzg+95CYhCKPFedut2JY9bMfrDl9D23g==",
      "dependencies": {
        "@fastify/busboy": "^2.0.0"
      },
      "engines": {
        "node": ">=14.0"
      }
    },
    "node_modules/youtubei.js": {
      "version": "10.4.0",
      "resolved": "git+ssh://git@github.com/LuanRT/YouTube.js.git#9bcbdb06b834067886689d25a82f890a96fcf0f7",
      "funding": [
        "https://github.com/sponsors/LuanRT"
      ],
      "dependencies": {
        "@bufbuild/protobuf": "^2.0.0",
        "jintr": "^2.1.1",
        "tslib": "^2.5.0",
        "undici": "^5.19.1"
      }
    }
  }
}
